
Microsoft Visual Studio Solution File, Format Version 12.00
# Visual Studio 2015
Project("{FAE04EC0-301F-11D3-BF4B-00C04F79EFBC}") = "superboy", "superboy.csproj", "{99FF46EA-5086-B006-6F43-CA259C3F004B}"
EndProject
Project("{FAE04EC0-301F-11D3-BF4B-00C04F79EFBC}") = "superboy.Editor", "superboy.Editor.csproj", "{62386348-B74C-D62D-7C21-05B5163713F7}"
EndProject
Global
	GlobalSection(SolutionConfigurationPlatforms) = preSolution
		Debug|Any CPU = Debug|Any CPU
		Release|Any CPU = Release|Any CPU
	EndGlobalSection
	GlobalSection(ProjectConfigurationPlatforms) = postSolution
		{99FF46EA-5086-B006-6F43-CA259C3F004B}.Debug|Any CPU.ActiveCfg = Debug|Any CPU
		{99FF46EA-5086-B006-6F43-CA259C3F004B}.Debug|Any CPU.Build.0 = Debug|Any CPU
		{99FF46EA-5086-B006-6F43-CA259C3F004B}.Release|Any CPU.ActiveCfg = Release|Any CPU
		{99FF46EA-5086-B006-6F43-CA259C3F004B}.Release|Any CPU.Build.0 = Release|Any CPU
		{62386348-B74C-D62D-7C21-05B5163713F7}.Debug|Any CPU.ActiveCfg = Debug|Any CPU
		{62386348-B74C-D62D-7C21-05B5163713F7}.Debug|Any CPU.Build.0 = Debug|Any CPU
		{62386348-B74C-D62D-7C21-05B5163713F7}.Release|Any CPU.ActiveCfg = Release|Any CPU
		{62386348-B74C-D62D-7C21-05B5163713F7}.Release|Any CPU.Build.0 = Release|Any CPU
	EndGlobalSection
	GlobalSection(SolutionProperties) = preSolution
		HideSolutionNode = FALSE
	EndGlobalSection
EndGlobal
